
Microsoft Visual Studio Solution File, Format Version 12.00
# Visual Studio Version 17
VisualStudioVersion = 17.2.32630.192
MinimumVisualStudioVersion = 10.0.40219.1
Project("{FAE04EC0-301F-11D3-BF4B-00C04F79EFBC}") = "Football_Randomize_16082022", "Football_Randomize_16082022\Football_Randomize_16082022.csproj", "{6DA6B2A7-E9A6-440E-B6DF-307CD31B20B1}"
EndProject
Global
	GlobalSection(SolutionConfigurationPlatforms) = preSolution
		Debug|Any CPU = Debug|Any CPU
		Release|Any CPU = Release|Any CPU
	EndGlobalSection
	GlobalSection(ProjectConfigurationPlatforms) = postSolution
		{6DA6B2A7-E9A6-440E-B6DF-307CD31B20B1}.Debug|Any CPU.ActiveCfg = Debug|Any CPU
		{6DA6B2A7-E9A6-440E-B6DF-307CD31B20B1}.Debug|Any CPU.Build.0 = Debug|Any CPU
		{6DA6B2A7-E9A6-440E-B6DF-307CD31B20B1}.Release|Any CPU.ActiveCfg = Release|Any CPU
		{6DA6B2A7-E9A6-440E-B6DF-307CD31B20B1}.Release|Any CPU.Build.0 = Release|Any CPU
	EndGlobalSection
	GlobalSection(SolutionProperties) = preSolution
		HideSolutionNode = FALSE
	EndGlobalSection
	GlobalSection(ExtensibilityGlobals) = postSolution
		SolutionGuid = {76E112C7-7A57-4889-9A6E-38DEC2BD6E4C}
	EndGlobalSection
EndGlobal
